
Microsoft Visual Studio Solution File, Format Version 12.00
# Visual Studio Version 17
VisualStudioVersion = 17.13.35931.197 d17.13
MinimumVisualStudioVersion = 10.0.40219.1
Project("{FAE04EC0-301F-11D3-BF4B-00C04F79EFBC}") = "CgTraining-DotNet", "CgTraining-DotNet.csproj", "{4263D242-30C6-411F-BAF5-09F44BBC56FE}"
EndProject
Global
	GlobalSection(SolutionConfigurationPlatforms) = preSolution
		Debug|Any CPU = Debug|Any CPU
		Release|Any CPU = Release|Any CPU
	EndGlobalSection
	GlobalSection(ProjectConfigurationPlatforms) = postSolution
		{4263D242-30C6-411F-BAF5-09F44BBC56FE}.Debug|Any CPU.ActiveCfg = Debug|Any CPU
		{4263D242-30C6-411F-BAF5-09F44BBC56FE}.Debug|Any CPU.Build.0 = Debug|Any CPU
		{4263D242-30C6-411F-BAF5-09F44BBC56FE}.Release|Any CPU.ActiveCfg = Release|Any CPU
		{4263D242-30C6-411F-BAF5-09F44BBC56FE}.Release|Any CPU.Build.0 = Release|Any CPU
	EndGlobalSection
	GlobalSection(SolutionProperties) = preSolution
		HideSolutionNode = FALSE
	EndGlobalSection
	GlobalSection(ExtensibilityGlobals) = postSolution
		SolutionGuid = {DE3ADFA0-EECD-4706-876B-2F64F69CF792}
	EndGlobalSection
EndGlobal
